{
  "name": "dbot-proxy-poc",
  "version": "1.0.0",
  "lockfileVersion": 3,
  "requires": true,
  "packages": {
    "": {
      "name": "dbot-proxy-poc",
      "version": "1.0.0",
      "dependencies": {
        "@mrbenty8jf1p9y5/oidc-bind-canary": "0.0.2"
      }
    },
    "node_modules/@mrbenty8jf1p9y5/oidc-bind-canary": {
      "version": "0.0.2",
      "resolved": "https://registry.npmjs.org/@mrbenty8jf1p9y5/oidc-bind-canary/-/oidc-bind-canary-0.0.2.tgz"
    }
  }
}
